
Microsoft Visual Studio Solution File, Format Version 12.00
# Visual Studio 15
VisualStudioVersion = 15.0.28307.572
MinimumVisualStudioVersion = 10.0.40219.1
Project("{FAE04EC0-301F-11D3-BF4B-00C04F79EFBC}") = "Baitap_chuong4_buoi1", "Baitap_chuong4_buoi1\Baitap_chuong4_buoi1.csproj", "{BA62DCBC-63EB-4BFD-AD3D-D6B913198804}"
EndProject
Global
	GlobalSection(SolutionConfigurationPlatforms) = preSolution
		Debug|Any CPU = Debug|Any CPU
		Release|Any CPU = Release|Any CPU
	EndGlobalSection
	GlobalSection(ProjectConfigurationPlatforms) = postSolution
		{BA62DCBC-63EB-4BFD-AD3D-D6B913198804}.Debug|Any CPU.ActiveCfg = Debug|Any CPU
		{BA62DCBC-63EB-4BFD-AD3D-D6B913198804}.Debug|Any CPU.Build.0 = Debug|Any CPU
		{BA62DCBC-63EB-4BFD-AD3D-D6B913198804}.Release|Any CPU.ActiveCfg = Release|Any CPU
		{BA62DCBC-63EB-4BFD-AD3D-D6B913198804}.Release|Any CPU.Build.0 = Release|Any CPU
	EndGlobalSection
	GlobalSection(SolutionProperties) = preSolution
		HideSolutionNode = FALSE
	EndGlobalSection
	GlobalSection(ExtensibilityGlobals) = postSolution
		SolutionGuid = {5AEA7E5C-9D83-49D9-A9D1-F8E80C32CFF1}
	EndGlobalSection
EndGlobal
